// !$*UTF8*$!
{
	archiveVersion = 1;
	classes = {
	};
	objectVersion = 46;
	objects = {

/* Begin PBXBuildFile section */
		412B6C801DCC33F6001F205E /* AppDelegate.swift in Sources */ = {isa = PBXBuildFile; fileRef = 412B6C7F1DCC33F6001F205E /* AppDelegate.swift */; };
		412B6C821DCC33F6001F205E /* ViewController.swift in Sources */ = {isa = PBXBuildFile; fileRef = 412B6C811DCC33F6001F205E /* ViewController.swift */; };
		412B6C851DCC33F6001F205E /* Main.storyboard in Resources */ = {isa = PBXBuildFile; fileRef = 412B6C831DCC33F6001F205E /* Main.storyboard */; };
		412B6C871DCC33F7001F205E /* Assets.xcassets in Resources */ = {isa = PBXBuildFile; fileRef = 412B6C861DCC33F7001F205E /* Assets.xcassets */; };
		412B6C8A1DCC33F7001F205E /* LaunchScreen.storyboard in Resources */ = {isa = PBXBuildFile; fileRef = 412B6C881DCC33F7001F205E /* LaunchScreen.storyboard */; };
/* End PBXBuildFile section */

/* Begin PBXFileReference section */
		412B6C7C1DCC33F6001F205E /* Hyper 图片轮播.app */ = {isa = PBXFileReference; explicitFileType = wrapper.application; includeInIndex = 0; path = "Hyper 图片轮播.app"; sourceTree = BUILT_PRODUCTS_DIR; };
		412B6C7F1DCC33F6001F205E /* AppDelegate.swift */ = {isa = PBXFileReference; lastKnownFileType = sourcecode.swift; path = AppDelegate.swift; sourceTree = "<group>"; };
		412B6C811DCC33F6001F205E /* ViewController.swift */ = {isa = PBXFileReference; lastKnownFileType = sourcecode.swift; path = ViewController.swift; sourceTree = "<group>"; };
		412B6C841DCC33F6001F205E /* Base */ = {isa = PBXFileReference; lastKnownFileType = file.storyboard; name = Base; path = Base.lproj/Main.storyboard; sourceTree = "<group>"; };
		412B6C861DCC33F7001F205E /* Assets.xcassets */ = {isa = PBXFileReference; lastKnownFileType = folder.assetcatalog; path = Assets.xcassets; sourceTree = "<group>"; };
		412B6C891DCC33F7001F205E /* Base */ = {isa = PBXFileReference; lastKnownFileType = file.storyboard; name = Base; path = Base.lproj/LaunchScreen.storyboard; sourceTree = "<group>"; };
		412B6C8B1DCC33F7001F205E /* Info.plist */ = {isa = PBXFileReference; lastKnownFileType = text.plist.xml; path = Info.plist; sourceTree = "<group>"; };
/* End PBXFileReference section */

/* Begin PBXFrameworksBuildPhase section */
		412B6C791DCC33F6001F205E /* Frameworks */ = {
			isa = PBXFrameworksBuildPhase;
			buildActionMask = 2147483647;
			files = (
			);
			runOnlyForDeploymentPostprocessing = 0;
		};
/* End PBXFrameworksBuildPhase section */

/* Begin PBXGroup section */
		412B6C731DCC33F6001F205E = {
			isa = PBXGroup;
			children = (
				412B6C7E1DCC33F6001F205E /* Hyper 图片轮播 */,
				412B6C7D1DCC33F6001F205E /* Products */,
			);
			sourceTree = "<group>";
		};
		412B6C7D1DCC33F6001F205E /* Products */ = {
			isa = PBXGroup;
			children = (
				412B6C7C1DCC33F6001F205E /* Hyper 图片轮播.app */,
			);
			name = Products;
			sourceTree = "<group>";
		};
		412B6C7E1DCC33F6001F205E /* Hyper 图片轮播 */ = {
			isa = PBXGroup;
			children = (
				412B6C7F1DCC33F6001F205E /* AppDelegate.swift */,
				412B6C811DCC33F6001F205E /* ViewController.swift */,
				412B6C831DCC33F6001F205E /* Main.storyboard */,
				412B6C861DCC33F7001F205E /* Assets.xcassets */,
				412B6C881DCC33F7001F205E /* LaunchScreen.storyboard */,
				412B6C8B1DCC33F7001F205E /* Info.plist */,
			);
			path = "Hyper 图片轮播";
			sourceTree = "<group>";
		};
/* End PBXGroup section */

/* Begin PBXNativeTarget section */
		412B6C7B1DCC33F6001F205E /* Hyper 图片轮播 */ = {
			isa = PBXNativeTarget;
			buildConfigurationList = 412B6C8E1DCC33F7001F205E /* Build configuration list for PBXNativeTarget "Hyper 图片轮播" */;
			buildPhases = (
				412B6C781DCC33F6001F205E /* Sources */,
				412B6C791DCC33F6001F205E /* Frameworks */,
				412B6C7A1DCC33F6001F205E /* Resources */,
			);
			buildRules = (
			);
			dependencies = (
			);
			name = "Hyper 图片轮播";
			productName = "Hyper 图片轮播";
			productReference = 412B6C7C1DCC33F6001F205E /* Hyper 图片轮播.app */;
			productType = "com.apple.product-type.application";
		};
/* End PBXNativeTarget section */

/* Begin PBXProject section */
		412B6C741DCC33F6001F205E /* Project object */ = {
			isa = PBXProject;
			attributes = {
				LastSwiftUpdateCheck = 0810;
				LastUpgradeCheck = 0810;
				ORGANIZATIONNAME = Xinxibin;
				TargetAttributes = {
					412B6C7B1DCC33F6001F205E = {
						CreatedOnToolsVersion = 8.1;
						ProvisioningStyle = Automatic;
					};
				};
			};
			buildConfigurationList = 412B6C771DCC33F6001F205E /* Build configuration list for PBXProject "Hyper 图片轮播" */;
			compatibilityVersion = "Xcode 3.2";
			developmentRegion = English;
			hasScannedForEncodings = 0;
			knownRegions = (
				en,
				Base,
			);
			mainGroup = 412B6C731DCC33F6001F205E;
			productRefGroup = 412B6C7D1DCC33F6001F205E /* Products */;
			projectDirPath = "";
			projectRoot = "";
			targets = (
				412B6C7B1DCC33F6001F205E /* Hyper 图片轮播 */,
			);
		};
/* End PBXProject section */

/* Begin PBXResourcesBuildPhase section */
		412B6C7A1DCC33F6001F205E /* Resources */ = {
			isa = PBXResourcesBuildPhase;
			buildActionMask = 2147483647;
			files = (
				412B6C8A1DCC33F7001F205E /* LaunchScreen.storyboard in Resources */,
				412B6C871DCC33F7001F205E /* Assets.xcassets in Resources */,
				412B6C851DCC33F6001F205E /* Main.storyboard in Resources */,
			);
			runOnlyForDeploymentPostprocessing = 0;
		};
/* End PBXResourcesBuildPhase section */

/* Begin PBXSourcesBuildPhase section */
		412B6C781DCC33F6001F205E /* Sources */ = {
			isa = PBXSourcesBuildPhase;
			buildActionMask = 2147483647;
			files = (
				412B6C821DCC33F6001F205E /* ViewController.swift in Sources */,
				412B6C801DCC33F6001F205E /* AppDelegate.swift in Sources */,
			);
			runOnlyForDeploymentPostprocessing = 0;
		};
/* End PBXSourcesBuildPhase section */

/* Begin PBXVariantGroup section */
		412B6C831DCC33F6001F205E /* Main.storyboard */ = {
			isa = PBXVariantGroup;
			children = (
				412B6C841DCC33F6001F205E /* Base */,
			);
			name = Main.storyboard;
			sourceTree = "<group>";
		};
		412B6C881DCC33F7001F205E /* LaunchScreen.storyboard */ = {
			isa = PBXVariantGroup;
			children = (
				412B6C891DCC33F7001F205E /* Base */,
			);
			name = LaunchScreen.storyboard;
			sourceTree = "<group>";
		};
/* End PBXVariantGroup section */

/* Begin XCBuildConfiguration section */
		412B6C8C1DCC33F7001F205E /* Debug */ = {
			isa = XCBuildConfiguration;
			buildSettings = {
				ALWAYS_SEARCH_USER_PATHS = NO;
				CLANG_ANALYZER_NONNULL = YES;
				CLANG_CXX_LANGUAGE_STANDARD = "gnu++0x";
				CLANG_CXX_LIBRARY = "libc++";
				CLANG_ENABLE_MODULES = YES;
				CLANG_ENABLE_OBJC_ARC = YES;
				CLANG_WARN_BOOL_CONVERSION = YES;
				CLANG_WARN_CONSTANT_CONVERSION = YES;
				CLANG_WARN_DIRECT_OBJC_ISA_USAGE = YES_ERROR;
				CLANG_WARN_DOCUMENTATION_COMMENTS = YES;
				CLANG_WARN_EMPTY_BODY = YES;
				CLANG_WARN_ENUM_CONVERSION = YES;
				CLANG_WARN_INFINITE_RECURSION = YES;
				CLANG_WARN_INT_CONVERSION = YES;
				CLANG_WARN_OBJC_ROOT_CLASS = YES_ERROR;
				CLANG_WARN_SUSPICIOUS_MOVES = YES;
				CLANG_WARN_UNREACHABLE_CODE = YES;
				CLANG_WARN__DUPLICATE_METHOD_MATCH = YES;
				"CODE_SIGN_IDENTITY[sdk=iphoneos*]" = "iPhone Developer";
				COPY_PHASE_STRIP = NO;
				DEBUG_INFORMATION_FORMAT = dwarf;
				ENABLE_STRICT_OBJC_MSGSEND = YES;
				ENABLE_TESTABILITY = YES;
				GCC_C_LANGUAGE_STANDARD = gnu99;
				GCC_DYNAMIC_NO_PIC = NO;
				GCC_NO_COMMON_BLOCKS = YES;
				GCC_OPTIMIZATION_LEVEL = 0;
				GCC_PREPROCESSOR_DEFINITIONS = (
					"DEBUG=1",
					"$(inherited)",
				);
				GCC_WARN_64_TO_32_BIT_CONVERSION = YES;
				GCC_WARN_ABOUT_RETURN_TYPE = YES_ERROR;
				GCC_WARN_UNDECLARED_SELECTOR = YES;
				GCC_WARN_UNINITIALIZED_AUTOS = YES_AGGRESSIVE;
				GCC_WARN_UNUSED_FUNCTION = YES;
				GCC_WARN_UNUSED_VARIABLE = YES;
				IPHONEOS_DEPLOYMENT_TARGET = 10.1;
				MTL_ENABLE_DEBUG_INFO = YES;
				ONLY_ACTIVE_ARCH = YES;
				SDKROOT = iphoneos;
				SWIFT_ACTIVE_COMPILATION_CONDITIONS = DEBUG;
				SWIFT_OPTIMIZATION_LEVEL = "-Onone";
				TARGETED_DEVICE_FAMILY = "1,2";
			};
			name = Debug;
		};
		412B6C8D1DCC33F7001F205E /* Release */ = {
			isa = XCBuildConfiguration;
			buildSettings = {
				ALWAYS_SEARCH_USER_PATHS = NO;
				CLANG_ANALYZER_NONNULL = YES;
				CLANG_CXX_LANGUAGE_STANDARD = "gnu++0x";
				CLANG_CXX_LIBRARY = "libc++";
				CLANG_ENABLE_MODULES = YES;
				CLANG_ENABLE_OBJC_ARC = YES;
				CLANG_WARN_BOOL_CONVERSION = YES;
				CLANG_WARN_CONSTANT_CONVERSION = YES;
				CLANG_WARN_DIRECT_OBJC_ISA_USAGE = YES_ERROR;
				CLANG_WARN_DOCUMENTATION_COMMENTS = YES;
				CLANG_WARN_EMPTY_BODY = YES;
				CLANG_WARN_ENUM_CONVERSION = YES;
				CLANG_WARN_INFINITE_RECURSION = YES;
				CLANG_WARN_INT_CONVERSION = YES;
				CLANG_WARN_OBJC_ROOT_CLASS = YES_ERROR;
				CLANG_WARN_SUSPICIOUS_MOVES = YES;
				CLANG_WARN_UNREACHABLE_CODE = YES;
				CLANG_WARN__DUPLICATE_METHOD_MATCH = YES;
				"CODE_SIGN_IDENTITY[sdk=iphoneos*]" = "iPhone Developer";
				COPY_PHASE_STRIP = NO;
				DEBUG_INFORMATION_FORMAT = "dwarf-with-dsym";
				ENABLE_NS_ASSERTIONS = NO;
				ENABLE_STRICT_OBJC_MSGSEND = YES;
				GCC_C_LANGUAGE_STANDARD = gnu99;
				GCC_NO_COMMON_BLOCKS = YES;
				GCC_WARN_64_TO_32_BIT_CONVERSION = YES;
				GCC_WARN_ABOUT_RETURN_TYPE = YES_ERROR;
				GCC_WARN_UNDECLARED_SELECTOR = YES;
				GCC_WARN_UNINITIALIZED_AUTOS = YES_AGGRESSIVE;
				GCC_WARN_UNUSED_FUNCTION = YES;
				GCC_WARN_UNUSED_VARIABLE = YES;
				IPHONEOS_DEPLOYMENT_TARGET = 10.1;
				MTL_ENABLE_DEBUG_INFO = NO;
				SDKROOT = iphoneos;
				SWIFT_OPTIMIZATION_LEVEL = "-Owholemodule";
				TARGETED_DEVICE_FAMILY = "1,2";
				VALIDATE_PRODUCT = YES;
			};
			name = Release;
		};
		412B6C8F1DCC33F7001F205E /* Debug */ = {
			isa = XCBuildConfiguration;
			buildSettings = {
				ASSETCATALOG_COMPILER_APPICON_NAME = AppIcon;
				INFOPLIST_FILE = "Hyper 图片轮播/Info.plist";
				LD_RUNPATH_SEARCH_PATHS = "$(inherited) @executable_path/Frameworks";
				PRODUCT_BUNDLE_IDENTIFIER = "com.xinxibin.Hyper-----";
				PRODUCT_NAME = "$(TARGET_NAME)";
				SWIFT_VERSION = 3.0;
			};
			name = Debug;
		};
		412B6C901DCC33F7001F205E /* Release */ = {
			isa = XCBuildConfiguration;
			buildSettings = {
				ASSETCATALOG_COMPILER_APPICON_NAME = AppIcon;
				INFOPLIST_FILE = "Hyper 图片轮播/Info.plist";
				LD_RUNPATH_SEARCH_PATHS = "$(inherited) @executable_path/Frameworks";
				PRODUCT_BUNDLE_IDENTIFIER = "com.xinxibin.Hyper-----";
				PRODUCT_NAME = "$(TARGET_NAME)";
				SWIFT_VERSION = 3.0;
			};
			name = Release;
		};
/* End XCBuildConfiguration section */

/* Begin XCConfigurationList section */
		412B6C771DCC33F6001F205E /* Build configuration list for PBXProject "Hyper 图片轮播" */ = {
			isa = XCConfigurationList;
			buildConfigurations = (
				412B6C8C1DCC33F7001F205E /* Debug */,
				412B6C8D1DCC33F7001F205E /* Release */,
			);
			defaultConfigurationIsVisible = 0;
			defaultConfigurationName = Release;
		};
		412B6C8E1DCC33F7001F205E /* Build configuration list for PBXNativeTarget "Hyper 图片轮播" */ = {
			isa = XCConfigurationList;
			buildConfigurations = (
				412B6C8F1DCC33F7001F205E /* Debug */,
				412B6C901DCC33F7001F205E /* Release */,
			);
			defaultConfigurationIsVisible = 0;
		};
/* End XCConfigurationList section */
	};
	rootObject = 412B6C741DCC33F6001F205E /* Project object */;
}
